
Microsoft Visual Studio Solution File, Format Version 12.00
# Visual Studio Version 17
VisualStudioVersion = 17.0.31903.59
MinimumVisualStudioVersion = 10.0.40219.1
Project("{2150E333-8FDC-42A3-9474-1A3956D46DE8}") = "Source", "Source", "{C0969759-5415-4ED4-B3D2-D5501C58DDF8}"
EndProject
Project("{9A19103F-16F7-4668-BE54-9A1E7A4F7556}") = "Transport.Shared", "Source\Transport.Shared\Transport.Shared.csproj", "{30CC5AF0-6517-4384-99D4-7F86CE53136A}"
EndProject
Project("{9A19103F-16F7-4668-BE54-9A1E7A4F7556}") = "Transport.Client", "Source\Transport.Client\Transport.Client.csproj", "{E758F505-E15F-4023-94CE-5159215F94E4}"
EndProject
Project("{9A19103F-16F7-4668-BE54-9A1E7A4F7556}") = "Transport.Server", "Source\Transport.Server\Transport.Server.csproj", "{006B5C08-36EC-4EAA-A41A-305EE31701D7}"
EndProject
Project("{2150E333-8FDC-42A3-9474-1A3956D46DE8}") = "Contracts", "Contracts", "{BE093876-CA58-4199-9D85-78971C3F5307}"
	ProjectSection(SolutionItems) = preProject
		Contracts\contract.proto = Contracts\contract.proto
	EndProjectSection
EndProject
Global
	GlobalSection(SolutionConfigurationPlatforms) = preSolution
		Debug|Any CPU = Debug|Any CPU
		Release|Any CPU = Release|Any CPU
	EndGlobalSection
	GlobalSection(ProjectConfigurationPlatforms) = postSolution
		{30CC5AF0-6517-4384-99D4-7F86CE53136A}.Debug|Any CPU.ActiveCfg = Debug|Any CPU
		{30CC5AF0-6517-4384-99D4-7F86CE53136A}.Debug|Any CPU.Build.0 = Debug|Any CPU
		{30CC5AF0-6517-4384-99D4-7F86CE53136A}.Release|Any CPU.ActiveCfg = Release|Any CPU
		{30CC5AF0-6517-4384-99D4-7F86CE53136A}.Release|Any CPU.Build.0 = Release|Any CPU
		{E758F505-E15F-4023-94CE-5159215F94E4}.Debug|Any CPU.ActiveCfg = Debug|Any CPU
		{E758F505-E15F-4023-94CE-5159215F94E4}.Debug|Any CPU.Build.0 = Debug|Any CPU
		{E758F505-E15F-4023-94CE-5159215F94E4}.Release|Any CPU.ActiveCfg = Release|Any CPU
		{E758F505-E15F-4023-94CE-5159215F94E4}.Release|Any CPU.Build.0 = Release|Any CPU
		{006B5C08-36EC-4EAA-A41A-305EE31701D7}.Debug|Any CPU.ActiveCfg = Debug|Any CPU
		{006B5C08-36EC-4EAA-A41A-305EE31701D7}.Debug|Any CPU.Build.0 = Debug|Any CPU
		{006B5C08-36EC-4EAA-A41A-305EE31701D7}.Release|Any CPU.ActiveCfg = Release|Any CPU
		{006B5C08-36EC-4EAA-A41A-305EE31701D7}.Release|Any CPU.Build.0 = Release|Any CPU
	EndGlobalSection
	GlobalSection(SolutionProperties) = preSolution
		HideSolutionNode = FALSE
	EndGlobalSection
	GlobalSection(NestedProjects) = preSolution
		{30CC5AF0-6517-4384-99D4-7F86CE53136A} = {C0969759-5415-4ED4-B3D2-D5501C58DDF8}
		{E758F505-E15F-4023-94CE-5159215F94E4} = {C0969759-5415-4ED4-B3D2-D5501C58DDF8}
		{006B5C08-36EC-4EAA-A41A-305EE31701D7} = {C0969759-5415-4ED4-B3D2-D5501C58DDF8}
	EndGlobalSection
	GlobalSection(ExtensibilityGlobals) = postSolution
		SolutionGuid = {DBA813AB-10EC-4972-A61D-BD1A19EE2458}
	EndGlobalSection
EndGlobal
